
Microsoft Visual Studio Solution File, Format Version 12.00
# Visual Studio Version 16
VisualStudioVersion = 16.0.33927.289
MinimumVisualStudioVersion = 10.0.40219.1
Project("{2150E333-8FDC-42A3-9474-1A3956D46DE8}") = "Task0", "Task0", "{2FACBC96-8594-4FA9-9747-C353B91E9F78}"
EndProject
Project("{FAE04EC0-301F-11D3-BF4B-00C04F79EFBC}") = "Tyuiu.SabarovDA.Sprint1.Task0.V15", "Tyuiu.SabarovDA.Sprint1.Task0.V15\Tyuiu.SabarovDA.Sprint1.Task0.V15.csproj", "{34EDA1D4-16F9-4E1D-A0A8-CB8E7D98B313}"
EndProject
Project("{FAE04EC0-301F-11D3-BF4B-00C04F79EFBC}") = "Tyuiu.SabarovDA.Sprint1.Task0.V15.Lib", "Tyuiu.SabarovDA.Sprint1.Task0.V15.Lib\Tyuiu.SabarovDA.Sprint1.Task0.V15.Lib.csproj", "{C672C083-4CCD-4A9D-B77B-08EFFDB5E44B}"
EndProject
Project("{FAE04EC0-301F-11D3-BF4B-00C04F79EFBC}") = "Tyuiu.SabarovDA.Sprint1.Task0.V15.Test", "Tyuiu.SabarovDA.Sprint1.Task0.V15.Test\Tyuiu.SabarovDA.Sprint1.Task0.V15.Test.csproj", "{2A836709-DAB2-450C-9B1D-38D5B8F3A28C}"
EndProject
Project("{2150E333-8FDC-42A3-9474-1A3956D46DE8}") = "Task1", "Task1", "{19BF99EE-3D25-4504-B1B8-A43ECCB4C020}"
EndProject
Project("{FAE04EC0-301F-11D3-BF4B-00C04F79EFBC}") = "Tyuiu.SabarovDA.Sprint1.Task1.V7", "Tyuiu.SabarovDA.Sprint1.Task1.V7\Tyuiu.SabarovDA.Sprint1.Task1.V7.csproj", "{55218F47-75B2-469C-BFD3-6E2E7E262EFC}"
EndProject
Project("{FAE04EC0-301F-11D3-BF4B-00C04F79EFBC}") = "Tyuiu.SabarovDA.Sprint1.Task1.V7.Lib", "Tyuiu.SabarovDA.Sprint1.Task1.V7.Lib\Tyuiu.SabarovDA.Sprint1.Task1.V7.Lib.csproj", "{ACF2615A-8080-4956-8328-50D0A2E2BA09}"
EndProject
Project("{FAE04EC0-301F-11D3-BF4B-00C04F79EFBC}") = "Tyuiu.SabarovDA.Sprint1.Task1.V7.Test", "Tyuiu.SabarovDA.Sprint1.Task1.V7.Test\Tyuiu.SabarovDA.Sprint1.Task1.V7.Test.csproj", "{86B4AC1C-AF9C-4C58-BB83-E775CC5E4342}"
EndProject
Project("{2150E333-8FDC-42A3-9474-1A3956D46DE8}") = "Task2", "Task2", "{44109CC1-980E-4002-8699-0E4BC9C6A5EB}"
EndProject
Project("{FAE04EC0-301F-11D3-BF4B-00C04F79EFBC}") = "Tyuiu.SabarovDA.Sprint1.Task2.V4", "Tyuiu.SabarovDA.Sprint1.Task2.V4\Tyuiu.SabarovDA.Sprint1.Task2.V4.csproj", "{738FE867-2811-4275-9AB9-C95900CD6B0E}"
EndProject
Project("{FAE04EC0-301F-11D3-BF4B-00C04F79EFBC}") = "Tyuiu.SabarovDA.Sprint1.Task2.V4.Lib", "Tyuiu.SabarovDA.Sprint1.Task2.V4.Lib\Tyuiu.SabarovDA.Sprint1.Task2.V4.Lib.csproj", "{6E39F8B9-5A69-4056-987E-4A8392A90776}"
EndProject
Project("{FAE04EC0-301F-11D3-BF4B-00C04F79EFBC}") = "Tyuiu.SabarovDA.Sprint1.Task2.V4.Test", "Tyuiu.SabarovDA.Sprint1.Task2.V4.Test\Tyuiu.SabarovDA.Sprint1.Task2.V4.Test.csproj", "{C5922EF0-406F-486F-81DA-533AFDAB1B1E}"
EndProject
Project("{2150E333-8FDC-42A3-9474-1A3956D46DE8}") = "Task3", "Task3", "{57B1F76F-9976-4124-BA4F-F17BA680CBB9}"
EndProject
Project("{FAE04EC0-301F-11D3-BF4B-00C04F79EFBC}") = "Tyuiu.SabarovDA.Sprint1.Task3.V18", "Tyuiu.SabarovDA.Sprint1.Task3.V18\Tyuiu.SabarovDA.Sprint1.Task3.V18.csproj", "{4208B6E7-251A-4DDA-9485-D3022DE08945}"
EndProject
Project("{FAE04EC0-301F-11D3-BF4B-00C04F79EFBC}") = "Tyuiu.SabarovDA.Sprint1.Task3.V18.Lib", "Tyuiu.SabarovDA.Sprint1.Task3.V18.Lib\Tyuiu.SabarovDA.Sprint1.Task3.V18.Lib.csproj", "{A89BD7B8-E906-4043-B263-969D787AAD0F}"
EndProject
Project("{FAE04EC0-301F-11D3-BF4B-00C04F79EFBC}") = "Tyuiu.SabarovDA.Sprint1.Task3.V18.Test", "Tyuiu.SabarovDA.Sprint1.Task3.V18.Test\Tyuiu.SabarovDA.Sprint1.Task3.V18.Test.csproj", "{4AACC4F0-9070-4566-B950-42619AF25304}"
EndProject
Project("{2150E333-8FDC-42A3-9474-1A3956D46DE8}") = "Task4", "Task4", "{062CDF04-5550-477B-9413-43B811350666}"
EndProject
Project("{FAE04EC0-301F-11D3-BF4B-00C04F79EFBC}") = "Tyuiu.SabarovDA.Sprint1.Task4.V21", "Tyuiu.SabarovDA.Sprint1.Task4.V21\Tyuiu.SabarovDA.Sprint1.Task4.V21.csproj", "{FC5AD153-921D-4521-85A0-1869884DFB95}"
EndProject
Project("{FAE04EC0-301F-11D3-BF4B-00C04F79EFBC}") = "Tyuiu.SabarovDA.Sprint1.Task4.V21.Lib", "Tyuiu.SabarovDA.Sprint1.Task4.V21.Lib\Tyuiu.SabarovDA.Sprint1.Task4.V21.Lib.csproj", "{C5C4018F-FB71-45C6-8906-BE97F60EA965}"
EndProject
Project("{FAE04EC0-301F-11D3-BF4B-00C04F79EFBC}") = "Tyuiu.SabarovDA.Sprint1.Task4.V21.Test", "Tyuiu.SabarovDA.Sprint1.Task4.V21.Test\Tyuiu.SabarovDA.Sprint1.Task4.V21.Test.csproj", "{8B8AA3FE-D93E-4243-AA82-96AA476A0204}"
EndProject
Project("{2150E333-8FDC-42A3-9474-1A3956D46DE8}") = "Task5", "Task5", "{65CA7582-6498-45BC-9FA2-9CC9CDBC85BD}"
EndProject
Project("{FAE04EC0-301F-11D3-BF4B-00C04F79EFBC}") = "Tyuiu.SabarovDA.Sprint1.Task5.V6", "Tyuiu.SabarovDA.Sprint1.Task5.V6\Tyuiu.SabarovDA.Sprint1.Task5.V6.csproj", "{1BE2011E-7375-42CF-8621-D9A4AAC8F514}"
EndProject
Project("{FAE04EC0-301F-11D3-BF4B-00C04F79EFBC}") = "Tyuiu.SabarovDA.Sprint1.Task5.V6.Lib", "Tyuiu.SabarovDA.Sprint1.Task5.V6.Lib\Tyuiu.SabarovDA.Sprint1.Task5.V6.Lib.csproj", "{604F51C2-F6B0-42A1-86B3-FE6DA9660BC4}"
EndProject
Project("{FAE04EC0-301F-11D3-BF4B-00C04F79EFBC}") = "Tyuiu.SabarovDA.Sprint1.Task5.V6.Test", "Tyuiu.SabarovDA.Sprint1.Task5.V6.Test\Tyuiu.SabarovDA.Sprint1.Task5.V6.Test.csproj", "{B278287A-2858-4DE6-8E88-A8FAE5470117}"
EndProject
Project("{2150E333-8FDC-42A3-9474-1A3956D46DE8}") = "Task6", "Task6", "{E2C5E9FF-F3BA-4EF4-92D7-5DCE9BE80A40}"
EndProject
Project("{FAE04EC0-301F-11D3-BF4B-00C04F79EFBC}") = "Tyuiu.SabarovDA.Sprint1.Task6.V16", "Tyuiu.SabarovDA.Sprint1.Task6.V16\Tyuiu.SabarovDA.Sprint1.Task6.V16.csproj", "{8B0AC89C-E5F7-4FDB-9B53-20259E286D01}"
EndProject
Project("{FAE04EC0-301F-11D3-BF4B-00C04F79EFBC}") = "Tyuiu.SabarovDA.Sprint1.Task6.V16.Lib", "Tyuiu.SabarovDA.Sprint1.Task6.V16.Lib\Tyuiu.SabarovDA.Sprint1.Task6.V16.Lib.csproj", "{0CF2DF65-2AD3-4393-A4AF-BC10A8BE37FF}"
EndProject
Project("{FAE04EC0-301F-11D3-BF4B-00C04F79EFBC}") = "Tyuiu.SabarovDA.Sprint1.Task6.V16.Test", "Tyuiu.SabarovDA.Sprint1.Task6.V16.Test\Tyuiu.SabarovDA.Sprint1.Task6.V16.Test.csproj", "{3B380420-DA9C-4AED-BDB6-103A02F6F9A8}"
EndProject
Global
	GlobalSection(SolutionConfigurationPlatforms) = preSolution
		Debug|Any CPU = Debug|Any CPU
		Release|Any CPU = Release|Any CPU
	EndGlobalSection
	GlobalSection(ProjectConfigurationPlatforms) = postSolution
		{34EDA1D4-16F9-4E1D-A0A8-CB8E7D98B313}.Debug|Any CPU.ActiveCfg = Debug|Any CPU
		{34EDA1D4-16F9-4E1D-A0A8-CB8E7D98B313}.Debug|Any CPU.Build.0 = Debug|Any CPU
		{34EDA1D4-16F9-4E1D-A0A8-CB8E7D98B313}.Release|Any CPU.ActiveCfg = Release|Any CPU
		{34EDA1D4-16F9-4E1D-A0A8-CB8E7D98B313}.Release|Any CPU.Build.0 = Release|Any CPU
		{C672C083-4CCD-4A9D-B77B-08EFFDB5E44B}.Debug|Any CPU.ActiveCfg = Debug|Any CPU
		{C672C083-4CCD-4A9D-B77B-08EFFDB5E44B}.Debug|Any CPU.Build.0 = Debug|Any CPU
		{C672C083-4CCD-4A9D-B77B-08EFFDB5E44B}.Release|Any CPU.ActiveCfg = Release|Any CPU
		{C672C083-4CCD-4A9D-B77B-08EFFDB5E44B}.Release|Any CPU.Build.0 = Release|Any CPU
		{2A836709-DAB2-450C-9B1D-38D5B8F3A28C}.Debug|Any CPU.ActiveCfg = Debug|Any CPU
		{2A836709-DAB2-450C-9B1D-38D5B8F3A28C}.Debug|Any CPU.Build.0 = Debug|Any CPU
		{2A836709-DAB2-450C-9B1D-38D5B8F3A28C}.Release|Any CPU.ActiveCfg = Release|Any CPU
		{2A836709-DAB2-450C-9B1D-38D5B8F3A28C}.Release|Any CPU.Build.0 = Release|Any CPU
		{55218F47-75B2-469C-BFD3-6E2E7E262EFC}.Debug|Any CPU.ActiveCfg = Debug|Any CPU
		{55218F47-75B2-469C-BFD3-6E2E7E262EFC}.Debug|Any CPU.Build.0 = Debug|Any CPU
		{55218F47-75B2-469C-BFD3-6E2E7E262EFC}.Release|Any CPU.ActiveCfg = Release|Any CPU
		{55218F47-75B2-469C-BFD3-6E2E7E262EFC}.Release|Any CPU.Build.0 = Release|Any CPU
		{ACF2615A-8080-4956-8328-50D0A2E2BA09}.Debug|Any CPU.ActiveCfg = Debug|Any CPU
		{ACF2615A-8080-4956-8328-50D0A2E2BA09}.Debug|Any CPU.Build.0 = Debug|Any CPU
		{ACF2615A-8080-4956-8328-50D0A2E2BA09}.Release|Any CPU.ActiveCfg = Release|Any CPU
		{ACF2615A-8080-4956-8328-50D0A2E2BA09}.Release|Any CPU.Build.0 = Release|Any CPU
		{86B4AC1C-AF9C-4C58-BB83-E775CC5E4342}.Debug|Any CPU.ActiveCfg = Debug|Any CPU
		{86B4AC1C-AF9C-4C58-BB83-E775CC5E4342}.Debug|Any CPU.Build.0 = Debug|Any CPU
		{86B4AC1C-AF9C-4C58-BB83-E775CC5E4342}.Release|Any CPU.ActiveCfg = Release|Any CPU
		{86B4AC1C-AF9C-4C58-BB83-E775CC5E4342}.Release|Any CPU.Build.0 = Release|Any CPU
		{738FE867-2811-4275-9AB9-C95900CD6B0E}.Debug|Any CPU.ActiveCfg = Debug|Any CPU
		{738FE867-2811-4275-9AB9-C95900CD6B0E}.Debug|Any CPU.Build.0 = Debug|Any CPU
		{738FE867-2811-4275-9AB9-C95900CD6B0E}.Release|Any CPU.ActiveCfg = Release|Any CPU
		{738FE867-2811-4275-9AB9-C95900CD6B0E}.Release|Any CPU.Build.0 = Release|Any CPU
		{6E39F8B9-5A69-4056-987E-4A8392A90776}.Debug|Any CPU.ActiveCfg = Debug|Any CPU
		{6E39F8B9-5A69-4056-987E-4A8392A90776}.Debug|Any CPU.Build.0 = Debug|Any CPU
		{6E39F8B9-5A69-4056-987E-4A8392A90776}.Release|Any CPU.ActiveCfg = Release|Any CPU
		{6E39F8B9-5A69-4056-987E-4A8392A90776}.Release|Any CPU.Build.0 = Release|Any CPU
		{C5922EF0-406F-486F-81DA-533AFDAB1B1E}.Debug|Any CPU.ActiveCfg = Debug|Any CPU
		{C5922EF0-406F-486F-81DA-533AFDAB1B1E}.Debug|Any CPU.Build.0 = Debug|Any CPU
		{C5922EF0-406F-486F-81DA-533AFDAB1B1E}.Release|Any CPU.ActiveCfg = Release|Any CPU
		{C5922EF0-406F-486F-81DA-533AFDAB1B1E}.Release|Any CPU.Build.0 = Release|Any CPU
		{4208B6E7-251A-4DDA-9485-D3022DE08945}.Debug|Any CPU.ActiveCfg = Debug|Any CPU
		{4208B6E7-251A-4DDA-9485-D3022DE08945}.Debug|Any CPU.Build.0 = Debug|Any CPU
		{4208B6E7-251A-4DDA-9485-D3022DE08945}.Release|Any CPU.ActiveCfg = Release|Any CPU
		{4208B6E7-251A-4DDA-9485-D3022DE08945}.Release|Any CPU.Build.0 = Release|Any CPU
		{A89BD7B8-E906-4043-B263-969D787AAD0F}.Debug|Any CPU.ActiveCfg = Debug|Any CPU
		{A89BD7B8-E906-4043-B263-969D787AAD0F}.Debug|Any CPU.Build.0 = Debug|Any CPU
		{A89BD7B8-E906-4043-B263-969D787AAD0F}.Release|Any CPU.ActiveCfg = Release|Any CPU
		{A89BD7B8-E906-4043-B263-969D787AAD0F}.Release|Any CPU.Build.0 = Release|Any CPU
		{4AACC4F0-9070-4566-B950-42619AF25304}.Debug|Any CPU.ActiveCfg = Debug|Any CPU
		{4AACC4F0-9070-4566-B950-42619AF25304}.Debug|Any CPU.Build.0 = Debug|Any CPU
		{4AACC4F0-9070-4566-B950-42619AF25304}.Release|Any CPU.ActiveCfg = Release|Any CPU
		{4AACC4F0-9070-4566-B950-42619AF25304}.Release|Any CPU.Build.0 = Release|Any CPU
		{FC5AD153-921D-4521-85A0-1869884DFB95}.Debug|Any CPU.ActiveCfg = Debug|Any CPU
		{FC5AD153-921D-4521-85A0-1869884DFB95}.Debug|Any CPU.Build.0 = Debug|Any CPU
		{FC5AD153-921D-4521-85A0-1869884DFB95}.Release|Any CPU.ActiveCfg = Release|Any CPU
		{FC5AD153-921D-4521-85A0-1869884DFB95}.Release|Any CPU.Build.0 = Release|Any CPU
		{C5C4018F-FB71-45C6-8906-BE97F60EA965}.Debug|Any CPU.ActiveCfg = Debug|Any CPU
		{C5C4018F-FB71-45C6-8906-BE97F60EA965}.Debug|Any CPU.Build.0 = Debug|Any CPU
		{C5C4018F-FB71-45C6-8906-BE97F60EA965}.Release|Any CPU.ActiveCfg = Release|Any CPU
		{C5C4018F-FB71-45C6-8906-BE97F60EA965}.Release|Any CPU.Build.0 = Release|Any CPU
		{8B8AA3FE-D93E-4243-AA82-96AA476A0204}.Debug|Any CPU.ActiveCfg = Debug|Any CPU
		{8B8AA3FE-D93E-4243-AA82-96AA476A0204}.Debug|Any CPU.Build.0 = Debug|Any CPU
		{8B8AA3FE-D93E-4243-AA82-96AA476A0204}.Release|Any CPU.ActiveCfg = Release|Any CPU
		{8B8AA3FE-D93E-4243-AA82-96AA476A0204}.Release|Any CPU.Build.0 = Release|Any CPU
		{1BE2011E-7375-42CF-8621-D9A4AAC8F514}.Debug|Any CPU.ActiveCfg = Debug|Any CPU
		{1BE2011E-7375-42CF-8621-D9A4AAC8F514}.Debug|Any CPU.Build.0 = Debug|Any CPU
		{1BE2011E-7375-42CF-8621-D9A4AAC8F514}.Release|Any CPU.ActiveCfg = Release|Any CPU
		{1BE2011E-7375-42CF-8621-D9A4AAC8F514}.Release|Any CPU.Build.0 = Release|Any CPU
		{604F51C2-F6B0-42A1-86B3-FE6DA9660BC4}.Debug|Any CPU.ActiveCfg = Debug|Any CPU
		{604F51C2-F6B0-42A1-86B3-FE6DA9660BC4}.Debug|Any CPU.Build.0 = Debug|Any CPU
		{604F51C2-F6B0-42A1-86B3-FE6DA9660BC4}.Release|Any CPU.ActiveCfg = Release|Any CPU
		{604F51C2-F6B0-42A1-86B3-FE6DA9660BC4}.Release|Any CPU.Build.0 = Release|Any CPU
		{B278287A-2858-4DE6-8E88-A8FAE5470117}.Debug|Any CPU.ActiveCfg = Debug|Any CPU
		{B278287A-2858-4DE6-8E88-A8FAE5470117}.Debug|Any CPU.Build.0 = Debug|Any CPU
		{B278287A-2858-4DE6-8E88-A8FAE5470117}.Release|Any CPU.ActiveCfg = Release|Any CPU
		{B278287A-2858-4DE6-8E88-A8FAE5470117}.Release|Any CPU.Build.0 = Release|Any CPU
		{8B0AC89C-E5F7-4FDB-9B53-20259E286D01}.Debug|Any CPU.ActiveCfg = Debug|Any CPU
		{8B0AC89C-E5F7-4FDB-9B53-20259E286D01}.Debug|Any CPU.Build.0 = Debug|Any CPU
		{8B0AC89C-E5F7-4FDB-9B53-20259E286D01}.Release|Any CPU.ActiveCfg = Release|Any CPU
		{8B0AC89C-E5F7-4FDB-9B53-20259E286D01}.Release|Any CPU.Build.0 = Release|Any CPU
		{0CF2DF65-2AD3-4393-A4AF-BC10A8BE37FF}.Debug|Any CPU.ActiveCfg = Debug|Any CPU
		{0CF2DF65-2AD3-4393-A4AF-BC10A8BE37FF}.Debug|Any CPU.Build.0 = Debug|Any CPU
		{0CF2DF65-2AD3-4393-A4AF-BC10A8BE37FF}.Release|Any CPU.ActiveCfg = Release|Any CPU
		{0CF2DF65-2AD3-4393-A4AF-BC10A8BE37FF}.Release|Any CPU.Build.0 = Release|Any CPU
		{3B380420-DA9C-4AED-BDB6-103A02F6F9A8}.Debug|Any CPU.ActiveCfg = Debug|Any CPU
		{3B380420-DA9C-4AED-BDB6-103A02F6F9A8}.Debug|Any CPU.Build.0 = Debug|Any CPU
		{3B380420-DA9C-4AED-BDB6-103A02F6F9A8}.Release|Any CPU.ActiveCfg = Release|Any CPU
		{3B380420-DA9C-4AED-BDB6-103A02F6F9A8}.Release|Any CPU.Build.0 = Release|Any CPU
	EndGlobalSection
	GlobalSection(SolutionProperties) = preSolution
		HideSolutionNode = FALSE
	EndGlobalSection
	GlobalSection(NestedProjects) = preSolution
		{34EDA1D4-16F9-4E1D-A0A8-CB8E7D98B313} = {2FACBC96-8594-4FA9-9747-C353B91E9F78}
		{C672C083-4CCD-4A9D-B77B-08EFFDB5E44B} = {2FACBC96-8594-4FA9-9747-C353B91E9F78}
		{2A836709-DAB2-450C-9B1D-38D5B8F3A28C} = {2FACBC96-8594-4FA9-9747-C353B91E9F78}
		{55218F47-75B2-469C-BFD3-6E2E7E262EFC} = {19BF99EE-3D25-4504-B1B8-A43ECCB4C020}
		{ACF2615A-8080-4956-8328-50D0A2E2BA09} = {19BF99EE-3D25-4504-B1B8-A43ECCB4C020}
		{86B4AC1C-AF9C-4C58-BB83-E775CC5E4342} = {19BF99EE-3D25-4504-B1B8-A43ECCB4C020}
		{738FE867-2811-4275-9AB9-C95900CD6B0E} = {44109CC1-980E-4002-8699-0E4BC9C6A5EB}
		{6E39F8B9-5A69-4056-987E-4A8392A90776} = {44109CC1-980E-4002-8699-0E4BC9C6A5EB}
		{C5922EF0-406F-486F-81DA-533AFDAB1B1E} = {44109CC1-980E-4002-8699-0E4BC9C6A5EB}
		{4208B6E7-251A-4DDA-9485-D3022DE08945} = {57B1F76F-9976-4124-BA4F-F17BA680CBB9}
		{A89BD7B8-E906-4043-B263-969D787AAD0F} = {57B1F76F-9976-4124-BA4F-F17BA680CBB9}
		{4AACC4F0-9070-4566-B950-42619AF25304} = {57B1F76F-9976-4124-BA4F-F17BA680CBB9}
		{FC5AD153-921D-4521-85A0-1869884DFB95} = {062CDF04-5550-477B-9413-43B811350666}
		{C5C4018F-FB71-45C6-8906-BE97F60EA965} = {062CDF04-5550-477B-9413-43B811350666}
		{8B8AA3FE-D93E-4243-AA82-96AA476A0204} = {062CDF04-5550-477B-9413-43B811350666}
		{1BE2011E-7375-42CF-8621-D9A4AAC8F514} = {65CA7582-6498-45BC-9FA2-9CC9CDBC85BD}
		{604F51C2-F6B0-42A1-86B3-FE6DA9660BC4} = {65CA7582-6498-45BC-9FA2-9CC9CDBC85BD}
		{B278287A-2858-4DE6-8E88-A8FAE5470117} = {65CA7582-6498-45BC-9FA2-9CC9CDBC85BD}
		{8B0AC89C-E5F7-4FDB-9B53-20259E286D01} = {E2C5E9FF-F3BA-4EF4-92D7-5DCE9BE80A40}
		{0CF2DF65-2AD3-4393-A4AF-BC10A8BE37FF} = {E2C5E9FF-F3BA-4EF4-92D7-5DCE9BE80A40}
		{3B380420-DA9C-4AED-BDB6-103A02F6F9A8} = {E2C5E9FF-F3BA-4EF4-92D7-5DCE9BE80A40}
	EndGlobalSection
	GlobalSection(ExtensibilityGlobals) = postSolution
		SolutionGuid = {8AD6016F-BF1E-4542-98EE-E57621A2DF8C}
	EndGlobalSection
EndGlobal
